
Microsoft Visual Studio Solution File, Format Version 12.00
# Visual Studio Version 17
VisualStudioVersion = 17.5.33414.496
MinimumVisualStudioVersion = 10.0.40219.1
Project("{FAE04EC0-301F-11D3-BF4B-00C04F79EFBC}") = "QL_yeucau", "QL_yeucau.csproj", "{21662315-09F6-4CC9-BAFF-E8F5179FA9BC}"
EndProject
Global
	GlobalSection(SolutionConfigurationPlatforms) = preSolution
		Debug|Any CPU = Debug|Any CPU
		Release|Any CPU = Release|Any CPU
	EndGlobalSection
	GlobalSection(ProjectConfigurationPlatforms) = postSolution
		{21662315-09F6-4CC9-BAFF-E8F5179FA9BC}.Debug|Any CPU.ActiveCfg = Debug|Any CPU
		{21662315-09F6-4CC9-BAFF-E8F5179FA9BC}.Debug|Any CPU.Build.0 = Debug|Any CPU
		{21662315-09F6-4CC9-BAFF-E8F5179FA9BC}.Release|Any CPU.ActiveCfg = Release|Any CPU
		{21662315-09F6-4CC9-BAFF-E8F5179FA9BC}.Release|Any CPU.Build.0 = Release|Any CPU
	EndGlobalSection
	GlobalSection(SolutionProperties) = preSolution
		HideSolutionNode = FALSE
	EndGlobalSection
	GlobalSection(ExtensibilityGlobals) = postSolution
		SolutionGuid = {830DC64C-DF9F-4EF1-A838-56F6D568EC2B}
	EndGlobalSection
EndGlobal
